
Microsoft Visual Studio Solution File, Format Version 12.00
# Visual Studio Version 16
VisualStudioVersion = 16.0.29215.179
MinimumVisualStudioVersion = 10.0.40219.1
Project("{FAE04EC0-301F-11D3-BF4B-00C04F79EFBC}") = "web2", "web2.csproj", "{BEC87055-38AB-4873-BD91-1683934ABA64}"
EndProject
Global
	GlobalSection(SolutionConfigurationPlatforms) = preSolution
		Debug|Any CPU = Debug|Any CPU
		Release|Any CPU = Release|Any CPU
	EndGlobalSection
	GlobalSection(ProjectConfigurationPlatforms) = postSolution
		{BEC87055-38AB-4873-BD91-1683934ABA64}.Debug|Any CPU.ActiveCfg = Debug|Any CPU
		{BEC87055-38AB-4873-BD91-1683934ABA64}.Debug|Any CPU.Build.0 = Debug|Any CPU
		{BEC87055-38AB-4873-BD91-1683934ABA64}.Release|Any CPU.ActiveCfg = Release|Any CPU
		{BEC87055-38AB-4873-BD91-1683934ABA64}.Release|Any CPU.Build.0 = Release|Any CPU
	EndGlobalSection
	GlobalSection(SolutionProperties) = preSolution
		HideSolutionNode = FALSE
	EndGlobalSection
	GlobalSection(ExtensibilityGlobals) = postSolution
		SolutionGuid = {B6BCD738-E726-4510-9967-2E68575AD12A}
	EndGlobalSection
EndGlobal
